
Microsoft Visual Studio Solution File, Format Version 12.00
# Visual Studio Version 16
VisualStudioVersion = 16.0.30615.102
MinimumVisualStudioVersion = 10.0.40219.1
Project("{9A19103F-16F7-4668-BE54-9A1E7A4F7556}") = "PrimaryConstructor", "PrimaryConstructor\PrimaryConstructor.csproj", "{78B3D653-29B2-45DC-BAEB-2AF0FE72B73A}"
EndProject
Project("{9A19103F-16F7-4668-BE54-9A1E7A4F7556}") = "PrimaryConstructor.Sample", "PrimaryConstructor.Sample\PrimaryConstructor.Sample.csproj", "{5171DF49-9DF9-4C12-A242-F278EEEA0BA1}"
EndProject
Project("{2150E333-8FDC-42A3-9474-1A3956D46DE8}") = "Solution Items", "Solution Items", "{1541BD96-1145-4BC7-9332-EFD712A3FA16}"
	ProjectSection(SolutionItems) = preProject
		.editorconfig = .editorconfig
	EndProjectSection
EndProject
Project("{9A19103F-16F7-4668-BE54-9A1E7A4F7556}") = "CSharpSourceGenerationUtils.Core", "src\CSharpSourceGenerationUtils.Core\CSharpSourceGenerationUtils.Core.csproj", "{19767A06-0632-41AA-8DE8-CD5FE9F1FC77}"
EndProject
Global
	GlobalSection(SolutionConfigurationPlatforms) = preSolution
		Debug|Any CPU = Debug|Any CPU
		Release|Any CPU = Release|Any CPU
	EndGlobalSection
	GlobalSection(ProjectConfigurationPlatforms) = postSolution
		{78B3D653-29B2-45DC-BAEB-2AF0FE72B73A}.Debug|Any CPU.ActiveCfg = Debug|Any CPU
		{78B3D653-29B2-45DC-BAEB-2AF0FE72B73A}.Debug|Any CPU.Build.0 = Debug|Any CPU
		{78B3D653-29B2-45DC-BAEB-2AF0FE72B73A}.Release|Any CPU.ActiveCfg = Release|Any CPU
		{78B3D653-29B2-45DC-BAEB-2AF0FE72B73A}.Release|Any CPU.Build.0 = Release|Any CPU
		{5171DF49-9DF9-4C12-A242-F278EEEA0BA1}.Debug|Any CPU.ActiveCfg = Debug|Any CPU
		{5171DF49-9DF9-4C12-A242-F278EEEA0BA1}.Debug|Any CPU.Build.0 = Debug|Any CPU
		{5171DF49-9DF9-4C12-A242-F278EEEA0BA1}.Release|Any CPU.ActiveCfg = Release|Any CPU
		{5171DF49-9DF9-4C12-A242-F278EEEA0BA1}.Release|Any CPU.Build.0 = Release|Any CPU
		{19767A06-0632-41AA-8DE8-CD5FE9F1FC77}.Debug|Any CPU.ActiveCfg = Debug|Any CPU
		{19767A06-0632-41AA-8DE8-CD5FE9F1FC77}.Debug|Any CPU.Build.0 = Debug|Any CPU
		{19767A06-0632-41AA-8DE8-CD5FE9F1FC77}.Release|Any CPU.ActiveCfg = Release|Any CPU
		{19767A06-0632-41AA-8DE8-CD5FE9F1FC77}.Release|Any CPU.Build.0 = Release|Any CPU
	EndGlobalSection
	GlobalSection(SolutionProperties) = preSolution
		HideSolutionNode = FALSE
	EndGlobalSection
	GlobalSection(ExtensibilityGlobals) = postSolution
		SolutionGuid = {68E6812A-8CA5-4EE4-87DB-EAD53A35D312}
	EndGlobalSection
EndGlobal
